
Microsoft Visual Studio Solution File, Format Version 12.00
# Visual Studio Version 16
VisualStudioVersion = 16.0.29020.237
MinimumVisualStudioVersion = 10.0.40219.1
Project("{FAE04EC0-301F-11D3-BF4B-00C04F79EFBC}") = "EclipsePlugInRunner.TestScript", "src\EclipsePlugInRunner.TestScript\EclipsePlugInRunner.TestScript.csproj", "{87FE4967-F05A-4326-9BB0-A88AB8DFE73F}"
EndProject
Project("{FAE04EC0-301F-11D3-BF4B-00C04F79EFBC}") = "EclipsePlugInRunner.TestRunner", "src\EclipsePlugInRunner.TestRunner\EclipsePlugInRunner.TestRunner.csproj", "{18B0D9AD-900C-415E-811C-4EDE0617B770}"
EndProject
Project("{FAE04EC0-301F-11D3-BF4B-00C04F79EFBC}") = "EclipsePlugInRunner", "src\EclipsePlugInRunner\EclipsePlugInRunner.csproj", "{D08D5D57-9DF1-43CA-913A-90F21F774300}"
EndProject
Global
	GlobalSection(SolutionConfigurationPlatforms) = preSolution
		Debug|x64 = Debug|x64
		Release|x64 = Release|x64
	EndGlobalSection
	GlobalSection(ProjectConfigurationPlatforms) = postSolution
		{87FE4967-F05A-4326-9BB0-A88AB8DFE73F}.Debug|x64.ActiveCfg = Debug|x64
		{87FE4967-F05A-4326-9BB0-A88AB8DFE73F}.Debug|x64.Build.0 = Debug|x64
		{87FE4967-F05A-4326-9BB0-A88AB8DFE73F}.Release|x64.ActiveCfg = Release|x64
		{87FE4967-F05A-4326-9BB0-A88AB8DFE73F}.Release|x64.Build.0 = Release|x64
		{18B0D9AD-900C-415E-811C-4EDE0617B770}.Debug|x64.ActiveCfg = Debug|x64
		{18B0D9AD-900C-415E-811C-4EDE0617B770}.Debug|x64.Build.0 = Debug|x64
		{18B0D9AD-900C-415E-811C-4EDE0617B770}.Release|x64.ActiveCfg = Release|x64
		{18B0D9AD-900C-415E-811C-4EDE0617B770}.Release|x64.Build.0 = Release|x64
		{D08D5D57-9DF1-43CA-913A-90F21F774300}.Debug|x64.ActiveCfg = Debug|x64
		{D08D5D57-9DF1-43CA-913A-90F21F774300}.Debug|x64.Build.0 = Debug|x64
		{D08D5D57-9DF1-43CA-913A-90F21F774300}.Release|x64.ActiveCfg = Release|x64
		{D08D5D57-9DF1-43CA-913A-90F21F774300}.Release|x64.Build.0 = Release|x64
	EndGlobalSection
	GlobalSection(SolutionProperties) = preSolution
		HideSolutionNode = FALSE
	EndGlobalSection
	GlobalSection(ExtensibilityGlobals) = postSolution
		SolutionGuid = {2D441232-8B35-4717-B8FD-52B15638D5FC}
	EndGlobalSection
EndGlobal
