
Microsoft Visual Studio Solution File, Format Version 12.00
# Visual Studio 14
VisualStudioVersion = 14.0.25420.1
MinimumVisualStudioVersion = 10.0.40219.1
Project("{FAE04EC0-301F-11D3-BF4B-00C04F79EFBC}") = "EclipsePlugInRunner.TestScript", "src\EclipsePlugInRunner.TestScript\EclipsePlugInRunner.TestScript.csproj", "{87FE4967-F05A-4326-9BB0-A88AB8DFE73F}"
EndProject
Project("{FAE04EC0-301F-11D3-BF4B-00C04F79EFBC}") = "EclipsePlugInRunner.TestRunner", "src\EclipsePlugInRunner.TestRunner\EclipsePlugInRunner.TestRunner.csproj", "{18B0D9AD-900C-415E-811C-4EDE0617B770}"
EndProject
Project("{FAE04EC0-301F-11D3-BF4B-00C04F79EFBC}") = "EclipsePlugInRunner", "src\EclipsePlugInRunner\EclipsePlugInRunner.csproj", "{D08D5D57-9DF1-43CA-913A-90F21F774300}"
EndProject
Global
	GlobalSection(SolutionConfigurationPlatforms) = preSolution
		Debug|Any CPU = Debug|Any CPU
		Release|Any CPU = Release|Any CPU
	EndGlobalSection
	GlobalSection(ProjectConfigurationPlatforms) = postSolution
		{87FE4967-F05A-4326-9BB0-A88AB8DFE73F}.Debug|Any CPU.ActiveCfg = Debug|Any CPU
		{87FE4967-F05A-4326-9BB0-A88AB8DFE73F}.Debug|Any CPU.Build.0 = Debug|Any CPU
		{87FE4967-F05A-4326-9BB0-A88AB8DFE73F}.Release|Any CPU.ActiveCfg = Release|Any CPU
		{87FE4967-F05A-4326-9BB0-A88AB8DFE73F}.Release|Any CPU.Build.0 = Release|Any CPU
		{18B0D9AD-900C-415E-811C-4EDE0617B770}.Debug|Any CPU.ActiveCfg = Debug|Any CPU
		{18B0D9AD-900C-415E-811C-4EDE0617B770}.Debug|Any CPU.Build.0 = Debug|Any CPU
		{18B0D9AD-900C-415E-811C-4EDE0617B770}.Release|Any CPU.ActiveCfg = Release|Any CPU
		{18B0D9AD-900C-415E-811C-4EDE0617B770}.Release|Any CPU.Build.0 = Release|Any CPU
		{D08D5D57-9DF1-43CA-913A-90F21F774300}.Debug|Any CPU.ActiveCfg = Debug|Any CPU
		{D08D5D57-9DF1-43CA-913A-90F21F774300}.Debug|Any CPU.Build.0 = Debug|Any CPU
		{D08D5D57-9DF1-43CA-913A-90F21F774300}.Release|Any CPU.ActiveCfg = Release|Any CPU
		{D08D5D57-9DF1-43CA-913A-90F21F774300}.Release|Any CPU.Build.0 = Release|Any CPU
	EndGlobalSection
	GlobalSection(SolutionProperties) = preSolution
		HideSolutionNode = FALSE
	EndGlobalSection
EndGlobal
